
Microsoft Visual Studio Solution File, Format Version 12.00
# Visual Studio 15
VisualStudioVersion = 15.0.28307.168
MinimumVisualStudioVersion = 10.0.40219.1
Project("{FAE04EC0-301F-11D3-BF4B-00C04F79EFBC}") = "IlkMvcSayfam", "IlkMvcSayfam\IlkMvcSayfam.csproj", "{DCAAFFA0-8C04-4C43-AC00-C020B3A06360}"
EndProject
Project("{2150E333-8FDC-42A3-9474-1A3956D46DE8}") = "Ders1", "Ders1", "{A5AEA905-0040-4003-8285-7484CB58B419}"
EndProject
Project("{2150E333-8FDC-42A3-9474-1A3956D46DE8}") = "Ders2", "Ders2", "{0F4D3503-2790-4B40-BAA0-05B6D4F44B18}"
EndProject
Project("{FAE04EC0-301F-11D3-BF4B-00C04F79EFBC}") = "AjaxIslemler", "AjaxIslemler\AjaxIslemler.csproj", "{894DDE1D-B29D-4464-8305-55B198D99772}"
EndProject
Project("{2150E333-8FDC-42A3-9474-1A3956D46DE8}") = "Ders3", "Ders3", "{EAF5380F-EC33-47D5-8A97-252DBB5C5C45}"
	ProjectSection(SolutionItems) = preProject
		Notlar.txt = Notlar.txt
		TokenNotlar.txt = TokenNotlar.txt
	EndProjectSection
EndProject
Project("{2150E333-8FDC-42A3-9474-1A3956D46DE8}") = "Proje", "Proje", "{A02D3CFB-8B8F-40D7-9D79-4BDFBD09E001}"
EndProject
Project("{2150E333-8FDC-42A3-9474-1A3956D46DE8}") = "Tema", "Tema", "{0B80A26F-68A9-42C6-9C08-08A388F62663}"
EndProject
Project("{FAE04EC0-301F-11D3-BF4B-00C04F79EFBC}") = "Admin.Tema", "Admin.Tema\Admin.Tema.csproj", "{59A82055-B704-4740-979D-EAA751B7B840}"
EndProject
Project("{FAE04EC0-301F-11D3-BF4B-00C04F79EFBC}") = "Admin.Web.UI", "Admin.Web.UI\Admin.Web.UI.csproj", "{2F70BD60-534C-4306-8502-3E969496C528}"
EndProject
Project("{FAE04EC0-301F-11D3-BF4B-00C04F79EFBC}") = "Admin.BLL", "Admin.BLL\Admin.BLL.csproj", "{93A17500-0373-444D-AA52-AD003EB217A6}"
EndProject
Project("{FAE04EC0-301F-11D3-BF4B-00C04F79EFBC}") = "Admin.DAL", "Admin.DAL\Admin.DAL.csproj", "{078F40D3-E929-4604-A03D-30FB95D80CC1}"
EndProject
Project("{FAE04EC0-301F-11D3-BF4B-00C04F79EFBC}") = "Admin.Models", "Admin.Models\Admin.Models.csproj", "{2CC162FE-B7B2-4188-B6A6-B42A325ADC2C}"
EndProject
Project("{2150E333-8FDC-42A3-9474-1A3956D46DE8}") = "Ders4", "Ders4", "{00D9B1C6-55D6-4C32-97D4-38796764D751}"
	ProjectSection(SolutionItems) = preProject
		NotlarKuzey.txt = NotlarKuzey.txt
	EndProjectSection
EndProject
Project("{FAE04EC0-301F-11D3-BF4B-00C04F79EFBC}") = "Kuzey.Web", "Kuzey.Web\Kuzey.Web.csproj", "{F2B6F8A0-C6B0-423C-B21F-BBFD37C685E6}"
EndProject
Project("{FAE04EC0-301F-11D3-BF4B-00C04F79EFBC}") = "Kuzey.BLL", "Kuzey.BLL\Kuzey.BLL.csproj", "{2DC6107D-5AA1-4D6A-AEDC-5C2B44B88BF7}"
EndProject
Project("{FAE04EC0-301F-11D3-BF4B-00C04F79EFBC}") = "Kuzey.DAL", "Kuzey.DAL\Kuzey.DAL.csproj", "{9FA4B612-9521-46A3-BF67-184660479C96}"
EndProject
Project("{FAE04EC0-301F-11D3-BF4B-00C04F79EFBC}") = "Kuzey.Models", "Kuzey.Models\Kuzey.Models.csproj", "{5B33E266-8DE6-4CC2-BCE1-EF8FD75F127E}"
EndProject
Project("{2150E333-8FDC-42A3-9474-1A3956D46DE8}") = "Ders5", "Ders5", "{7F219C16-2178-4CA1-B62A-41EF77ACDBE7}"
EndProject
Project("{2150E333-8FDC-42A3-9474-1A3956D46DE8}") = "Ders6", "Ders6", "{2CFE7424-AE04-4BCC-BFB6-C93B2EAA4CB3}"
	ProjectSection(SolutionItems) = preProject
		ApiNotlar.txt = ApiNotlar.txt
	EndProjectSection
EndProject
Project("{FAE04EC0-301F-11D3-BF4B-00C04F79EFBC}") = "WebApiAngularJs", "WebApiAngularJs\WebApiAngularJs.csproj", "{1FB69CDD-04CE-4593-B130-9C72A22629AA}"
EndProject
Project("{2150E333-8FDC-42A3-9474-1A3956D46DE8}") = "Ders7", "Ders7", "{68F0C6EA-223F-44EF-9449-D02FD7DBD8B5}"
	ProjectSection(SolutionItems) = preProject
		SignalRNotlar.txt = SignalRNotlar.txt
	EndProjectSection
EndProject
Project("{2150E333-8FDC-42A3-9474-1A3956D46DE8}") = "Ders8", "Ders8", "{F37DFBFB-2014-4995-9D97-B0F23DDF2059}"
EndProject
Project("{2150E333-8FDC-42A3-9474-1A3956D46DE8}") = "Ders9", "Ders9", "{5C281FA9-4B71-4B52-8ECB-188272A81E52}"
EndProject
Project("{2150E333-8FDC-42A3-9474-1A3956D46DE8}") = "RabbitMQ", "RabbitMQ", "{F4B4441C-5EBC-49CB-A71C-7ECB3C3E867C}"
	ProjectSection(SolutionItems) = preProject
		RabbitMqNotları.txt = RabbitMqNotları.txt
	EndProjectSection
EndProject
Project("{FAE04EC0-301F-11D3-BF4B-00C04F79EFBC}") = "Rabbit.Web.Mvc", "Rabbit.Web.Mvc\Rabbit.Web.Mvc.csproj", "{B4FA0AA6-9CB5-4173-B435-2C9BFB2E82C1}"
EndProject
Project("{FAE04EC0-301F-11D3-BF4B-00C04F79EFBC}") = "Rabbit.Consumer", "Rabbit.Consumer\Rabbit.Consumer.csproj", "{87A63AF2-880E-47A6-BFE0-5F820BC03A62}"
EndProject
Project("{FAE04EC0-301F-11D3-BF4B-00C04F79EFBC}") = "Rabbit.BLL", "Rabbit.BLL\Rabbit.BLL.csproj", "{87C8E408-3964-4AE0-BAEF-7378DC9803E5}"
EndProject
Project("{FAE04EC0-301F-11D3-BF4B-00C04F79EFBC}") = "Rabbit.DAL", "Rabbit.DAL\Rabbit.DAL.csproj", "{B4A7E779-BC65-496D-89BC-B18E368F2D3E}"
EndProject
Project("{FAE04EC0-301F-11D3-BF4B-00C04F79EFBC}") = "Rabbit.Models", "Rabbit.Models\Rabbit.Models.csproj", "{4BA16F39-D466-42D1-9488-15623F52BB52}"
EndProject
Project("{FAE04EC0-301F-11D3-BF4B-00C04F79EFBC}") = "SignalRApp", "SignalRApp\SignalRApp.csproj", "{C3476108-5111-41AA-9ACB-39A92F9D8A4E}"
EndProject
Global
	GlobalSection(SolutionConfigurationPlatforms) = preSolution
		Debug|Any CPU = Debug|Any CPU
		Release|Any CPU = Release|Any CPU
	EndGlobalSection
	GlobalSection(ProjectConfigurationPlatforms) = postSolution
		{DCAAFFA0-8C04-4C43-AC00-C020B3A06360}.Debug|Any CPU.ActiveCfg = Debug|Any CPU
		{DCAAFFA0-8C04-4C43-AC00-C020B3A06360}.Debug|Any CPU.Build.0 = Debug|Any CPU
		{DCAAFFA0-8C04-4C43-AC00-C020B3A06360}.Release|Any CPU.ActiveCfg = Release|Any CPU
		{DCAAFFA0-8C04-4C43-AC00-C020B3A06360}.Release|Any CPU.Build.0 = Release|Any CPU
		{894DDE1D-B29D-4464-8305-55B198D99772}.Debug|Any CPU.ActiveCfg = Debug|Any CPU
		{894DDE1D-B29D-4464-8305-55B198D99772}.Debug|Any CPU.Build.0 = Debug|Any CPU
		{894DDE1D-B29D-4464-8305-55B198D99772}.Release|Any CPU.ActiveCfg = Release|Any CPU
		{894DDE1D-B29D-4464-8305-55B198D99772}.Release|Any CPU.Build.0 = Release|Any CPU
		{59A82055-B704-4740-979D-EAA751B7B840}.Debug|Any CPU.ActiveCfg = Debug|Any CPU
		{59A82055-B704-4740-979D-EAA751B7B840}.Debug|Any CPU.Build.0 = Debug|Any CPU
		{59A82055-B704-4740-979D-EAA751B7B840}.Release|Any CPU.ActiveCfg = Release|Any CPU
		{59A82055-B704-4740-979D-EAA751B7B840}.Release|Any CPU.Build.0 = Release|Any CPU
		{2F70BD60-534C-4306-8502-3E969496C528}.Debug|Any CPU.ActiveCfg = Debug|Any CPU
		{2F70BD60-534C-4306-8502-3E969496C528}.Debug|Any CPU.Build.0 = Debug|Any CPU
		{2F70BD60-534C-4306-8502-3E969496C528}.Release|Any CPU.ActiveCfg = Release|Any CPU
		{2F70BD60-534C-4306-8502-3E969496C528}.Release|Any CPU.Build.0 = Release|Any CPU
		{93A17500-0373-444D-AA52-AD003EB217A6}.Debug|Any CPU.ActiveCfg = Debug|Any CPU
		{93A17500-0373-444D-AA52-AD003EB217A6}.Debug|Any CPU.Build.0 = Debug|Any CPU
		{93A17500-0373-444D-AA52-AD003EB217A6}.Release|Any CPU.ActiveCfg = Release|Any CPU
		{93A17500-0373-444D-AA52-AD003EB217A6}.Release|Any CPU.Build.0 = Release|Any CPU
		{078F40D3-E929-4604-A03D-30FB95D80CC1}.Debug|Any CPU.ActiveCfg = Debug|Any CPU
		{078F40D3-E929-4604-A03D-30FB95D80CC1}.Debug|Any CPU.Build.0 = Debug|Any CPU
		{078F40D3-E929-4604-A03D-30FB95D80CC1}.Release|Any CPU.ActiveCfg = Release|Any CPU
		{078F40D3-E929-4604-A03D-30FB95D80CC1}.Release|Any CPU.Build.0 = Release|Any CPU
		{2CC162FE-B7B2-4188-B6A6-B42A325ADC2C}.Debug|Any CPU.ActiveCfg = Debug|Any CPU
		{2CC162FE-B7B2-4188-B6A6-B42A325ADC2C}.Debug|Any CPU.Build.0 = Debug|Any CPU
		{2CC162FE-B7B2-4188-B6A6-B42A325ADC2C}.Release|Any CPU.ActiveCfg = Release|Any CPU
		{2CC162FE-B7B2-4188-B6A6-B42A325ADC2C}.Release|Any CPU.Build.0 = Release|Any CPU
		{F2B6F8A0-C6B0-423C-B21F-BBFD37C685E6}.Debug|Any CPU.ActiveCfg = Debug|Any CPU
		{F2B6F8A0-C6B0-423C-B21F-BBFD37C685E6}.Debug|Any CPU.Build.0 = Debug|Any CPU
		{F2B6F8A0-C6B0-423C-B21F-BBFD37C685E6}.Release|Any CPU.ActiveCfg = Release|Any CPU
		{F2B6F8A0-C6B0-423C-B21F-BBFD37C685E6}.Release|Any CPU.Build.0 = Release|Any CPU
		{2DC6107D-5AA1-4D6A-AEDC-5C2B44B88BF7}.Debug|Any CPU.ActiveCfg = Debug|Any CPU
		{2DC6107D-5AA1-4D6A-AEDC-5C2B44B88BF7}.Debug|Any CPU.Build.0 = Debug|Any CPU
		{2DC6107D-5AA1-4D6A-AEDC-5C2B44B88BF7}.Release|Any CPU.ActiveCfg = Release|Any CPU
		{2DC6107D-5AA1-4D6A-AEDC-5C2B44B88BF7}.Release|Any CPU.Build.0 = Release|Any CPU
		{9FA4B612-9521-46A3-BF67-184660479C96}.Debug|Any CPU.ActiveCfg = Debug|Any CPU
		{9FA4B612-9521-46A3-BF67-184660479C96}.Debug|Any CPU.Build.0 = Debug|Any CPU
		{9FA4B612-9521-46A3-BF67-184660479C96}.Release|Any CPU.ActiveCfg = Release|Any CPU
		{9FA4B612-9521-46A3-BF67-184660479C96}.Release|Any CPU.Build.0 = Release|Any CPU
		{5B33E266-8DE6-4CC2-BCE1-EF8FD75F127E}.Debug|Any CPU.ActiveCfg = Debug|Any CPU
		{5B33E266-8DE6-4CC2-BCE1-EF8FD75F127E}.Debug|Any CPU.Build.0 = Debug|Any CPU
		{5B33E266-8DE6-4CC2-BCE1-EF8FD75F127E}.Release|Any CPU.ActiveCfg = Release|Any CPU
		{5B33E266-8DE6-4CC2-BCE1-EF8FD75F127E}.Release|Any CPU.Build.0 = Release|Any CPU
		{1FB69CDD-04CE-4593-B130-9C72A22629AA}.Debug|Any CPU.ActiveCfg = Debug|Any CPU
		{1FB69CDD-04CE-4593-B130-9C72A22629AA}.Debug|Any CPU.Build.0 = Debug|Any CPU
		{1FB69CDD-04CE-4593-B130-9C72A22629AA}.Release|Any CPU.ActiveCfg = Release|Any CPU
		{1FB69CDD-04CE-4593-B130-9C72A22629AA}.Release|Any CPU.Build.0 = Release|Any CPU
		{B4FA0AA6-9CB5-4173-B435-2C9BFB2E82C1}.Debug|Any CPU.ActiveCfg = Debug|Any CPU
		{B4FA0AA6-9CB5-4173-B435-2C9BFB2E82C1}.Debug|Any CPU.Build.0 = Debug|Any CPU
		{B4FA0AA6-9CB5-4173-B435-2C9BFB2E82C1}.Release|Any CPU.ActiveCfg = Release|Any CPU
		{B4FA0AA6-9CB5-4173-B435-2C9BFB2E82C1}.Release|Any CPU.Build.0 = Release|Any CPU
		{87A63AF2-880E-47A6-BFE0-5F820BC03A62}.Debug|Any CPU.ActiveCfg = Debug|Any CPU
		{87A63AF2-880E-47A6-BFE0-5F820BC03A62}.Debug|Any CPU.Build.0 = Debug|Any CPU
		{87A63AF2-880E-47A6-BFE0-5F820BC03A62}.Release|Any CPU.ActiveCfg = Release|Any CPU
		{87A63AF2-880E-47A6-BFE0-5F820BC03A62}.Release|Any CPU.Build.0 = Release|Any CPU
		{87C8E408-3964-4AE0-BAEF-7378DC9803E5}.Debug|Any CPU.ActiveCfg = Debug|Any CPU
		{87C8E408-3964-4AE0-BAEF-7378DC9803E5}.Debug|Any CPU.Build.0 = Debug|Any CPU
		{87C8E408-3964-4AE0-BAEF-7378DC9803E5}.Release|Any CPU.ActiveCfg = Release|Any CPU
		{87C8E408-3964-4AE0-BAEF-7378DC9803E5}.Release|Any CPU.Build.0 = Release|Any CPU
		{B4A7E779-BC65-496D-89BC-B18E368F2D3E}.Debug|Any CPU.ActiveCfg = Debug|Any CPU
		{B4A7E779-BC65-496D-89BC-B18E368F2D3E}.Debug|Any CPU.Build.0 = Debug|Any CPU
		{B4A7E779-BC65-496D-89BC-B18E368F2D3E}.Release|Any CPU.ActiveCfg = Release|Any CPU
		{B4A7E779-BC65-496D-89BC-B18E368F2D3E}.Release|Any CPU.Build.0 = Release|Any CPU
		{4BA16F39-D466-42D1-9488-15623F52BB52}.Debug|Any CPU.ActiveCfg = Debug|Any CPU
		{4BA16F39-D466-42D1-9488-15623F52BB52}.Debug|Any CPU.Build.0 = Debug|Any CPU
		{4BA16F39-D466-42D1-9488-15623F52BB52}.Release|Any CPU.ActiveCfg = Release|Any CPU
		{4BA16F39-D466-42D1-9488-15623F52BB52}.Release|Any CPU.Build.0 = Release|Any CPU
		{C3476108-5111-41AA-9ACB-39A92F9D8A4E}.Debug|Any CPU.ActiveCfg = Debug|Any CPU
		{C3476108-5111-41AA-9ACB-39A92F9D8A4E}.Debug|Any CPU.Build.0 = Debug|Any CPU
		{C3476108-5111-41AA-9ACB-39A92F9D8A4E}.Release|Any CPU.ActiveCfg = Release|Any CPU
		{C3476108-5111-41AA-9ACB-39A92F9D8A4E}.Release|Any CPU.Build.0 = Release|Any CPU
	EndGlobalSection
	GlobalSection(SolutionProperties) = preSolution
		HideSolutionNode = FALSE
	EndGlobalSection
	GlobalSection(NestedProjects) = preSolution
		{DCAAFFA0-8C04-4C43-AC00-C020B3A06360} = {A5AEA905-0040-4003-8285-7484CB58B419}
		{894DDE1D-B29D-4464-8305-55B198D99772} = {0F4D3503-2790-4B40-BAA0-05B6D4F44B18}
		{A02D3CFB-8B8F-40D7-9D79-4BDFBD09E001} = {EAF5380F-EC33-47D5-8A97-252DBB5C5C45}
		{0B80A26F-68A9-42C6-9C08-08A388F62663} = {EAF5380F-EC33-47D5-8A97-252DBB5C5C45}
		{59A82055-B704-4740-979D-EAA751B7B840} = {0B80A26F-68A9-42C6-9C08-08A388F62663}
		{2F70BD60-534C-4306-8502-3E969496C528} = {A02D3CFB-8B8F-40D7-9D79-4BDFBD09E001}
		{93A17500-0373-444D-AA52-AD003EB217A6} = {A02D3CFB-8B8F-40D7-9D79-4BDFBD09E001}
		{078F40D3-E929-4604-A03D-30FB95D80CC1} = {A02D3CFB-8B8F-40D7-9D79-4BDFBD09E001}
		{2CC162FE-B7B2-4188-B6A6-B42A325ADC2C} = {A02D3CFB-8B8F-40D7-9D79-4BDFBD09E001}
		{F2B6F8A0-C6B0-423C-B21F-BBFD37C685E6} = {00D9B1C6-55D6-4C32-97D4-38796764D751}
		{2DC6107D-5AA1-4D6A-AEDC-5C2B44B88BF7} = {00D9B1C6-55D6-4C32-97D4-38796764D751}
		{9FA4B612-9521-46A3-BF67-184660479C96} = {00D9B1C6-55D6-4C32-97D4-38796764D751}
		{5B33E266-8DE6-4CC2-BCE1-EF8FD75F127E} = {00D9B1C6-55D6-4C32-97D4-38796764D751}
		{1FB69CDD-04CE-4593-B130-9C72A22629AA} = {2CFE7424-AE04-4BCC-BFB6-C93B2EAA4CB3}
		{F4B4441C-5EBC-49CB-A71C-7ECB3C3E867C} = {5C281FA9-4B71-4B52-8ECB-188272A81E52}
		{B4FA0AA6-9CB5-4173-B435-2C9BFB2E82C1} = {F4B4441C-5EBC-49CB-A71C-7ECB3C3E867C}
		{87A63AF2-880E-47A6-BFE0-5F820BC03A62} = {F4B4441C-5EBC-49CB-A71C-7ECB3C3E867C}
		{87C8E408-3964-4AE0-BAEF-7378DC9803E5} = {F4B4441C-5EBC-49CB-A71C-7ECB3C3E867C}
		{B4A7E779-BC65-496D-89BC-B18E368F2D3E} = {F4B4441C-5EBC-49CB-A71C-7ECB3C3E867C}
		{4BA16F39-D466-42D1-9488-15623F52BB52} = {F4B4441C-5EBC-49CB-A71C-7ECB3C3E867C}
		{C3476108-5111-41AA-9ACB-39A92F9D8A4E} = {68F0C6EA-223F-44EF-9449-D02FD7DBD8B5}
	EndGlobalSection
	GlobalSection(ExtensibilityGlobals) = postSolution
		SolutionGuid = {581973EF-3815-45DD-91BA-AFF6B8E8A2F4}
	EndGlobalSection
EndGlobal
